
Microsoft Visual Studio Solution File, Format Version 12.00
# Visual Studio Version 16
VisualStudioVersion = 16.0.30907.101
MinimumVisualStudioVersion = 10.0.40219.1
Project("{FAE04EC0-301F-11D3-BF4B-00C04F79EFBC}") = "Image Viewer", "Image Viewer.csproj", "{4E673C24-9A53-4B15-9D37-D7E4CB9611F9}"
EndProject
Global
	GlobalSection(SolutionConfigurationPlatforms) = preSolution
		Debug|Any CPU = Debug|Any CPU
		Release|Any CPU = Release|Any CPU
	EndGlobalSection
	GlobalSection(ProjectConfigurationPlatforms) = postSolution
		{4E673C24-9A53-4B15-9D37-D7E4CB9611F9}.Debug|Any CPU.ActiveCfg = Debug|Any CPU
		{4E673C24-9A53-4B15-9D37-D7E4CB9611F9}.Debug|Any CPU.Build.0 = Debug|Any CPU
		{4E673C24-9A53-4B15-9D37-D7E4CB9611F9}.Release|Any CPU.ActiveCfg = Release|Any CPU
		{4E673C24-9A53-4B15-9D37-D7E4CB9611F9}.Release|Any CPU.Build.0 = Release|Any CPU
	EndGlobalSection
	GlobalSection(SolutionProperties) = preSolution
		HideSolutionNode = FALSE
	EndGlobalSection
	GlobalSection(ExtensibilityGlobals) = postSolution
		SolutionGuid = {0E999927-DFDB-4B98-A907-F89F857DFD71}
	EndGlobalSection
EndGlobal
